
Microsoft Visual Studio Solution File, Format Version 12.00
Project("{F2A71F9B-5D33-465A-A702-920D77279786}") = "Partas.Solid.Docs", "Partas.Solid.Docs.fsproj", "{632D65D1-1981-4CC5-AD4A-D785D35C6773}"
EndProject
Global
	GlobalSection(SolutionConfigurationPlatforms) = preSolution
		Debug|Any CPU = Debug|Any CPU
		Release|Any CPU = Release|Any CPU
	EndGlobalSection
	GlobalSection(ProjectConfigurationPlatforms) = postSolution
		{632D65D1-1981-4CC5-AD4A-D785D35C6773}.Debug|Any CPU.ActiveCfg = Debug|Any CPU
		{632D65D1-1981-4CC5-AD4A-D785D35C6773}.Debug|Any CPU.Build.0 = Debug|Any CPU
		{632D65D1-1981-4CC5-AD4A-D785D35C6773}.Release|Any CPU.ActiveCfg = Release|Any CPU
		{632D65D1-1981-4CC5-AD4A-D785D35C6773}.Release|Any CPU.Build.0 = Release|Any CPU
	EndGlobalSection
EndGlobal
